# Generated by move; do not edit
# This file should be checked in.

[move]
version = 4

[pinned.mainnet.MoveStdlib]
source = { git = "https://github.com/MystenLabs/sui.git", subdir = "crates/sui-framework/packages/move-stdlib", rev = "367fd808279bed26f7c64fc63160062a2ee29ab7" }
use_environment = "mainnet"
manifest_digest = "C4FE4C91DE74CBF223B2E380AE40F592177D21870DC2D7EB6227D2D694E05363"
deps = {}

[pinned.mainnet.MoveStdlib_1]
source = { git = "https://github.com/MystenLabs/sui.git", subdir = "crates/sui-framework/packages/move-stdlib", rev = "a3cc4467c9de48410a01fc2b6f3c1bff48780e5f" }
use_environment = "mainnet"
manifest_digest = "C4FE4C91DE74CBF223B2E380AE40F592177D21870DC2D7EB6227D2D694E05363"
deps = {}

[pinned.mainnet.Sui]
source = { git = "https://github.com/MystenLabs/sui.git", subdir = "crates/sui-framework/packages/sui-framework", rev = "367fd808279bed26f7c64fc63160062a2ee29ab7" }
use_environment = "mainnet"
manifest_digest = "CD547CB1ACCE0880C835DAED2D8FFCB91D56C833AE5240D3AA5B918398263195"
deps = { MoveStdlib = "MoveStdlib" }

[pinned.mainnet.Sui_1]
source = { git = "https://github.com/MystenLabs/sui.git", subdir = "crates/sui-framework/packages/sui-framework", rev = "a3cc4467c9de48410a01fc2b6f3c1bff48780e5f" }
use_environment = "mainnet"
manifest_digest = "CD547CB1ACCE0880C835DAED2D8FFCB91D56C833AE5240D3AA5B918398263195"
deps = { MoveStdlib = "MoveStdlib_1" }

[pinned.mainnet.WAL]
source = { local = "../../../walrus/contracts/wal" }
use_environment = "mainnet"
manifest_digest = "6A499380D169D3A0D0875302E1EDEB239DA4B9A6BC00045BF9C961649317AE54"
deps = { Sui = "Sui_1" }

[pinned.mainnet.Walrus]
source = { local = "../../../walrus/contracts/walrus" }
use_environment = "mainnet"
manifest_digest = "C9015D7BDC9AE04785DCE69687406C5FE40D565BFB695116B9CB1B7360752A1D"
deps = { Sui = "Sui_1", WAL = "WAL" }

[pinned.mainnet.zing_cdn]
source = { root = true }
use_environment = "mainnet"
manifest_digest = "5C6D6614A064B7FEFDC88794B9711EF51F26C802C3A73CA7358127421CE45E71"
deps = { std = "MoveStdlib", sui = "Sui", wal = "WAL", walrus = "Walrus" }

[pinned.testnet.MoveStdlib]
source = { git = "https://github.com/MystenLabs/sui.git", subdir = "crates/sui-framework/packages/move-stdlib", rev = "655576caa3d7faaed39ebbc15d1bcc91d0761aee" }
use_environment = "testnet"
manifest_digest = "C4FE4C91DE74CBF223B2E380AE40F592177D21870DC2D7EB6227D2D694E05363"
deps = {}

[pinned.testnet.MoveStdlib_1]
source = { git = "https://github.com/MystenLabs/sui.git", subdir = "crates/sui-framework/packages/move-stdlib", rev = "a3cc4467c9de48410a01fc2b6f3c1bff48780e5f" }
use_environment = "testnet"
manifest_digest = "C4FE4C91DE74CBF223B2E380AE40F592177D21870DC2D7EB6227D2D694E05363"
deps = {}

[pinned.testnet.Sui]
source = { git = "https://github.com/MystenLabs/sui.git", subdir = "crates/sui-framework/packages/sui-framework", rev = "655576caa3d7faaed39ebbc15d1bcc91d0761aee" }
use_environment = "testnet"
manifest_digest = "7AFB66695545775FBFBB2D3078ADFD084244D5002392E837FDE21D9EA1C6D01C"
deps = { MoveStdlib = "MoveStdlib" }

[pinned.testnet.Sui_1]
source = { git = "https://github.com/MystenLabs/sui.git", subdir = "crates/sui-framework/packages/sui-framework", rev = "a3cc4467c9de48410a01fc2b6f3c1bff48780e5f" }
use_environment = "testnet"
manifest_digest = "7AFB66695545775FBFBB2D3078ADFD084244D5002392E837FDE21D9EA1C6D01C"
deps = { MoveStdlib = "MoveStdlib_1" }

[pinned.testnet.WAL]
source = { local = "../../../walrus/contracts/wal" }
use_environment = "testnet"
manifest_digest = "E3FB8D733F73C13E3911CC30A2833A75745E4DD7970BE28F2305576115944FE7"
deps = { Sui = "Sui_1" }

[pinned.testnet.Walrus]
source = { local = "../../../walrus/contracts/walrus" }
use_environment = "testnet"
manifest_digest = "1DBF69549FA5B9F0D4E2DB51D0920F8B3FFB8843E11C1BA8C73024BF045203F2"
deps = { Sui = "Sui_1", WAL = "WAL" }

[pinned.testnet.zing_cdn]
source = { root = true }
use_environment = "testnet"
manifest_digest = "C35D89DAF29DE3C9ADDAEDAA3D5290B0C73E1721C194F6D2F1D816D3FF9A4E46"
deps = { std = "MoveStdlib", sui = "Sui", wal = "WAL", walrus = "Walrus" }
